// !$*UTF8*$!
{
	archiveVersion = 1;
	classes = {
	};
	objectVersion = 52;
	objects = {

/* Begin PBXBuildFile section */
		AA9285BB2667E67200164579 /* Take2App.swift in Sources */ = {isa = PBXBuildFile; fileRef = AA9285BA2667E67200164579 /* Take2App.swift */; };
		AA9285BD2667E67200164579 /* ContentView.swift in Sources */ = {isa = PBXBuildFile; fileRef = AA9285BC2667E67200164579 /* ContentView.swift */; };
		AA9285BF2667E67500164579 /* Assets.xcassets in Resources */ = {isa = PBXBuildFile; fileRef = AA9285BE2667E67500164579 /* Assets.xcassets */; };
		AA9285C22667E67500164579 /* Preview Assets.xcassets in Resources */ = {isa = PBXBuildFile; fileRef = AA9285C12667E67500164579 /* Preview Assets.xcassets */; };
		AA9285CE2667E9AB00164579 /* WordModel.swift in Sources */ = {isa = PBXBuildFile; fileRef = AA9285CD2667E9AB00164579 /* WordModel.swift */; };
		AA9285D12667E9BC00164579 /* DictionaryModel.swift in Sources */ = {isa = PBXBuildFile; fileRef = AA9285D02667E9BC00164579 /* DictionaryModel.swift */; };
		AA9285D32667E9C600164579 /* LibraryModel.swift in Sources */ = {isa = PBXBuildFile; fileRef = AA9285D22667E9C600164579 /* LibraryModel.swift */; };
		AA9285D52667EAF900164579 /* LibraryView.swift in Sources */ = {isa = PBXBuildFile; fileRef = AA9285D42667EAF900164579 /* LibraryView.swift */; };
		AA9285D72667EB0D00164579 /* DictionaryView.swift in Sources */ = {isa = PBXBuildFile; fileRef = AA9285D62667EB0C00164579 /* DictionaryView.swift */; };
		AA9285D92667EB3B00164579 /* AddDictionaryView.swift in Sources */ = {isa = PBXBuildFile; fileRef = AA9285D82667EB3B00164579 /* AddDictionaryView.swift */; };
		AA9285DB2667EB4500164579 /* AddWordView.swift in Sources */ = {isa = PBXBuildFile; fileRef = AA9285DA2667EB4500164579 /* AddWordView.swift */; };
		AA9285DD2667EB5100164579 /* EditWordView.swift in Sources */ = {isa = PBXBuildFile; fileRef = AA9285DC2667EB5100164579 /* EditWordView.swift */; };
		AA9285DF2667EBD300164579 /* LibraryViewModel.swift in Sources */ = {isa = PBXBuildFile; fileRef = AA9285DE2667EBD300164579 /* LibraryViewModel.swift */; };
		AA9285E12667EBDF00164579 /* DictionaryViewModel.swift in Sources */ = {isa = PBXBuildFile; fileRef = AA9285E02667EBDF00164579 /* DictionaryViewModel.swift */; };
		AAAB076C26D8A80800EB64E2 /* GoogleService-Info.plist in Resources */ = {isa = PBXBuildFile; fileRef = AAAB076B26D8A80800EB64E2 /* GoogleService-Info.plist */; };
		AAAB076E26D8AC4D00EB64E2 /* DictionaryRepository.swift in Sources */ = {isa = PBXBuildFile; fileRef = AAAB076D26D8AC4D00EB64E2 /* DictionaryRepository.swift */; };
		AAF44C8F26D7F78400E0B0AE /* FirebaseFirestore in Frameworks */ = {isa = PBXBuildFile; productRef = AAF44C8E26D7F78400E0B0AE /* FirebaseFirestore */; };
		AAF44C9126D7F78400E0B0AE /* FirebaseFirestoreSwift-Beta in Frameworks */ = {isa = PBXBuildFile; productRef = AAF44C9026D7F78400E0B0AE /* FirebaseFirestoreSwift-Beta */; };
		AAF44C9426D7F7BF00E0B0AE /* LibraryRepository.swift in Sources */ = {isa = PBXBuildFile; fileRef = AAF44C9326D7F7BF00E0B0AE /* LibraryRepository.swift */; };
/* End PBXBuildFile section */

/* Begin PBXFileReference section */
		AA9285B72667E67200164579 /* Take2.app */ = {isa = PBXFileReference; explicitFileType = wrapper.application; includeInIndex = 0; path = Take2.app; sourceTree = BUILT_PRODUCTS_DIR; };
		AA9285BA2667E67200164579 /* Take2App.swift */ = {isa = PBXFileReference; lastKnownFileType = sourcecode.swift; path = Take2App.swift; sourceTree = "<group>"; };
		AA9285BC2667E67200164579 /* ContentView.swift */ = {isa = PBXFileReference; lastKnownFileType = sourcecode.swift; path = ContentView.swift; sourceTree = "<group>"; };
		AA9285BE2667E67500164579 /* Assets.xcassets */ = {isa = PBXFileReference; lastKnownFileType = folder.assetcatalog; path = Assets.xcassets; sourceTree = "<group>"; };
		AA9285C12667E67500164579 /* Preview Assets.xcassets */ = {isa = PBXFileReference; lastKnownFileType = folder.assetcatalog; path = "Preview Assets.xcassets"; sourceTree = "<group>"; };
		AA9285C32667E67500164579 /* Info.plist */ = {isa = PBXFileReference; lastKnownFileType = text.plist.xml; path = Info.plist; sourceTree = "<group>"; };
		AA9285CD2667E9AB00164579 /* WordModel.swift */ = {isa = PBXFileReference; lastKnownFileType = sourcecode.swift; path = WordModel.swift; sourceTree = "<group>"; };
		AA9285D02667E9BC00164579 /* DictionaryModel.swift */ = {isa = PBXFileReference; lastKnownFileType = sourcecode.swift; path = DictionaryModel.swift; sourceTree = "<group>"; };
		AA9285D22667E9C600164579 /* LibraryModel.swift */ = {isa = PBXFileReference; lastKnownFileType = sourcecode.swift; path = LibraryModel.swift; sourceTree = "<group>"; };
		AA9285D42667EAF900164579 /* LibraryView.swift */ = {isa = PBXFileReference; lastKnownFileType = sourcecode.swift; path = LibraryView.swift; sourceTree = "<group>"; };
		AA9285D62667EB0C00164579 /* DictionaryView.swift */ = {isa = PBXFileReference; lastKnownFileType = sourcecode.swift; path = DictionaryView.swift; sourceTree = "<group>"; };
		AA9285D82667EB3B00164579 /* AddDictionaryView.swift */ = {isa = PBXFileReference; lastKnownFileType = sourcecode.swift; path = AddDictionaryView.swift; sourceTree = "<group>"; };
		AA9285DA2667EB4500164579 /* AddWordView.swift */ = {isa = PBXFileReference; lastKnownFileType = sourcecode.swift; path = AddWordView.swift; sourceTree = "<group>"; };
		AA9285DC2667EB5100164579 /* EditWordView.swift */ = {isa = PBXFileReference; lastKnownFileType = sourcecode.swift; path = EditWordView.swift; sourceTree = "<group>"; };
		AA9285DE2667EBD300164579 /* LibraryViewModel.swift */ = {isa = PBXFileReference; lastKnownFileType = sourcecode.swift; path = LibraryViewModel.swift; sourceTree = "<group>"; };
		AA9285E02667EBDF00164579 /* DictionaryViewModel.swift */ = {isa = PBXFileReference; lastKnownFileType = sourcecode.swift; path = DictionaryViewModel.swift; sourceTree = "<group>"; };
		AAAB076B26D8A80800EB64E2 /* GoogleService-Info.plist */ = {isa = PBXFileReference; fileEncoding = 4; lastKnownFileType = text.plist.xml; path = "GoogleService-Info.plist"; sourceTree = "<group>"; };
		AAAB076D26D8AC4D00EB64E2 /* DictionaryRepository.swift */ = {isa = PBXFileReference; fileEncoding = 4; lastKnownFileType = sourcecode.swift; path = DictionaryRepository.swift; sourceTree = "<group>"; };
		AAF44C9326D7F7BF00E0B0AE /* LibraryRepository.swift */ = {isa = PBXFileReference; lastKnownFileType = sourcecode.swift; path = LibraryRepository.swift; sourceTree = "<group>"; };
/* End PBXFileReference section */

/* Begin PBXFrameworksBuildPhase section */
		AA9285B42667E67200164579 /* Frameworks */ = {
			isa = PBXFrameworksBuildPhase;
			buildActionMask = 2147483647;
			files = (
				AAF44C8F26D7F78400E0B0AE /* FirebaseFirestore in Frameworks */,
				AAF44C9126D7F78400E0B0AE /* FirebaseFirestoreSwift-Beta in Frameworks */,
			);
			runOnlyForDeploymentPostprocessing = 0;
		};
/* End PBXFrameworksBuildPhase section */

/* Begin PBXGroup section */
		AA9285AE2667E67200164579 = {
			isa = PBXGroup;
			children = (
				AA9285B92667E67200164579 /* Take2 */,
				AA9285B82667E67200164579 /* Products */,
			);
			sourceTree = "<group>";
		};
		AA9285B82667E67200164579 /* Products */ = {
			isa = PBXGroup;
			children = (
				AA9285B72667E67200164579 /* Take2.app */,
			);
			name = Products;
			sourceTree = "<group>";
		};
		AA9285B92667E67200164579 /* Take2 */ = {
			isa = PBXGroup;
			children = (
				AA9285C92667E97000164579 /* Library */,
				AA9285BA2667E67200164579 /* Take2App.swift */,
				AA9285BC2667E67200164579 /* ContentView.swift */,
				AA9285BE2667E67500164579 /* Assets.xcassets */,
				AA9285C32667E67500164579 /* Info.plist */,
				AAAB076B26D8A80800EB64E2 /* GoogleService-Info.plist */,
				AA9285C02667E67500164579 /* Preview Content */,
			);
			path = Take2;
			sourceTree = "<group>";
		};
		AA9285C02667E67500164579 /* Preview Content */ = {
			isa = PBXGroup;
			children = (
				AA9285C12667E67500164579 /* Preview Assets.xcassets */,
			);
			path = "Preview Content";
			sourceTree = "<group>";
		};
		AA9285C92667E97000164579 /* Library */ = {
			isa = PBXGroup;
			children = (
				AAF44C9226D7F7A400E0B0AE /* Repositories */,
				AA9285CC2667E99000164579 /* Views */,
				AA9285CB2667E98900164579 /* ViewModels */,
				AA9285CA2667E98200164579 /* Models */,
			);
			path = Library;
			sourceTree = "<group>";
		};
		AA9285CA2667E98200164579 /* Models */ = {
			isa = PBXGroup;
			children = (
				AA9285D22667E9C600164579 /* LibraryModel.swift */,
				AA9285D02667E9BC00164579 /* DictionaryModel.swift */,
				AA9285CD2667E9AB00164579 /* WordModel.swift */,
			);
			path = Models;
			sourceTree = "<group>";
		};
		AA9285CB2667E98900164579 /* ViewModels */ = {
			isa = PBXGroup;
			children = (
				AA9285DE2667EBD300164579 /* LibraryViewModel.swift */,
				AA9285E02667EBDF00164579 /* DictionaryViewModel.swift */,
			);
			path = ViewModels;
			sourceTree = "<group>";
		};
		AA9285CC2667E99000164579 /* Views */ = {
			isa = PBXGroup;
			children = (
				AA9285D42667EAF900164579 /* LibraryView.swift */,
				AA9285D82667EB3B00164579 /* AddDictionaryView.swift */,
				AA9285D62667EB0C00164579 /* DictionaryView.swift */,
				AA9285DA2667EB4500164579 /* AddWordView.swift */,
				AA9285DC2667EB5100164579 /* EditWordView.swift */,
			);
			path = Views;
			sourceTree = "<group>";
		};
		AAF44C9226D7F7A400E0B0AE /* Repositories */ = {
			isa = PBXGroup;
			children = (
				AAF44C9326D7F7BF00E0B0AE /* LibraryRepository.swift */,
				AAAB076D26D8AC4D00EB64E2 /* DictionaryRepository.swift */,
			);
			path = Repositories;
			sourceTree = "<group>";
		};
/* End PBXGroup section */

/* Begin PBXNativeTarget section */
		AA9285B62667E67200164579 /* Take2 */ = {
			isa = PBXNativeTarget;
			buildConfigurationList = AA9285C62667E67500164579 /* Build configuration list for PBXNativeTarget "Take2" */;
			buildPhases = (
				AA9285B32667E67200164579 /* Sources */,
				AA9285B42667E67200164579 /* Frameworks */,
				AA9285B52667E67200164579 /* Resources */,
			);
			buildRules = (
			);
			dependencies = (
			);
			name = Take2;
			packageProductDependencies = (
				AAF44C8E26D7F78400E0B0AE /* FirebaseFirestore */,
				AAF44C9026D7F78400E0B0AE /* FirebaseFirestoreSwift-Beta */,
			);
			productName = Take2;
			productReference = AA9285B72667E67200164579 /* Take2.app */;
			productType = "com.apple.product-type.application";
		};
/* End PBXNativeTarget section */

/* Begin PBXProject section */
		AA9285AF2667E67200164579 /* Project object */ = {
			isa = PBXProject;
			attributes = {
				LastSwiftUpdateCheck = 1250;
				LastUpgradeCheck = 1250;
				TargetAttributes = {
					AA9285B62667E67200164579 = {
						CreatedOnToolsVersion = 12.5;
					};
				};
			};
			buildConfigurationList = AA9285B22667E67200164579 /* Build configuration list for PBXProject "Take2" */;
			compatibilityVersion = "Xcode 9.3";
			developmentRegion = en;
			hasScannedForEncodings = 0;
			knownRegions = (
				en,
				Base,
			);
			mainGroup = AA9285AE2667E67200164579;
			packageReferences = (
				AAF44C8D26D7F78400E0B0AE /* XCRemoteSwiftPackageReference "firebase-ios-sdk" */,
			);
			productRefGroup = AA9285B82667E67200164579 /* Products */;
			projectDirPath = "";
			projectRoot = "";
			targets = (
				AA9285B62667E67200164579 /* Take2 */,
			);
		};
/* End PBXProject section */

/* Begin PBXResourcesBuildPhase section */
		AA9285B52667E67200164579 /* Resources */ = {
			isa = PBXResourcesBuildPhase;
			buildActionMask = 2147483647;
			files = (
				AA9285C22667E67500164579 /* Preview Assets.xcassets in Resources */,
				AA9285BF2667E67500164579 /* Assets.xcassets in Resources */,
				AAAB076C26D8A80800EB64E2 /* GoogleService-Info.plist in Resources */,
			);
			runOnlyForDeploymentPostprocessing = 0;
		};
/* End PBXResourcesBuildPhase section */

/* Begin PBXSourcesBuildPhase section */
		AA9285B32667E67200164579 /* Sources */ = {
			isa = PBXSourcesBuildPhase;
			buildActionMask = 2147483647;
			files = (
				AA9285D72667EB0D00164579 /* DictionaryView.swift in Sources */,
				AAAB076E26D8AC4D00EB64E2 /* DictionaryRepository.swift in Sources */,
				AA9285BD2667E67200164579 /* ContentView.swift in Sources */,
				AA9285D12667E9BC00164579 /* DictionaryModel.swift in Sources */,
				AA9285DB2667EB4500164579 /* AddWordView.swift in Sources */,
				AA9285D32667E9C600164579 /* LibraryModel.swift in Sources */,
				AA9285D92667EB3B00164579 /* AddDictionaryView.swift in Sources */,
				AA9285E12667EBDF00164579 /* DictionaryViewModel.swift in Sources */,
				AA9285BB2667E67200164579 /* Take2App.swift in Sources */,
				AA9285D52667EAF900164579 /* LibraryView.swift in Sources */,
				AAF44C9426D7F7BF00E0B0AE /* LibraryRepository.swift in Sources */,
				AA9285DD2667EB5100164579 /* EditWordView.swift in Sources */,
				AA9285DF2667EBD300164579 /* LibraryViewModel.swift in Sources */,
				AA9285CE2667E9AB00164579 /* WordModel.swift in Sources */,
			);
			runOnlyForDeploymentPostprocessing = 0;
		};
/* End PBXSourcesBuildPhase section */

/* Begin XCBuildConfiguration section */
		AA9285C42667E67500164579 /* Debug */ = {
			isa = XCBuildConfiguration;
			buildSettings = {
				ALWAYS_SEARCH_USER_PATHS = NO;
				CLANG_ANALYZER_NONNULL = YES;
				CLANG_ANALYZER_NUMBER_OBJECT_CONVERSION = YES_AGGRESSIVE;
				CLANG_CXX_LANGUAGE_STANDARD = "gnu++14";
				CLANG_CXX_LIBRARY = "libc++";
				CLANG_ENABLE_MODULES = YES;
				CLANG_ENABLE_OBJC_ARC = YES;
				CLANG_ENABLE_OBJC_WEAK = YES;
				CLANG_WARN_BLOCK_CAPTURE_AUTORELEASING = YES;
				CLANG_WARN_BOOL_CONVERSION = YES;
				CLANG_WARN_COMMA = YES;
				CLANG_WARN_CONSTANT_CONVERSION = YES;
				CLANG_WARN_DEPRECATED_OBJC_IMPLEMENTATIONS = YES;
				CLANG_WARN_DIRECT_OBJC_ISA_USAGE = YES_ERROR;
				CLANG_WARN_DOCUMENTATION_COMMENTS = YES;
				CLANG_WARN_EMPTY_BODY = YES;
				CLANG_WARN_ENUM_CONVERSION = YES;
				CLANG_WARN_INFINITE_RECURSION = YES;
				CLANG_WARN_INT_CONVERSION = YES;
				CLANG_WARN_NON_LITERAL_NULL_CONVERSION = YES;
				CLANG_WARN_OBJC_IMPLICIT_RETAIN_SELF = YES;
				CLANG_WARN_OBJC_LITERAL_CONVERSION = YES;
				CLANG_WARN_OBJC_ROOT_CLASS = YES_ERROR;
				CLANG_WARN_QUOTED_INCLUDE_IN_FRAMEWORK_HEADER = YES;
				CLANG_WARN_RANGE_LOOP_ANALYSIS = YES;
				CLANG_WARN_STRICT_PROTOTYPES = YES;
				CLANG_WARN_SUSPICIOUS_MOVE = YES;
				CLANG_WARN_UNGUARDED_AVAILABILITY = YES_AGGRESSIVE;
				CLANG_WARN_UNREACHABLE_CODE = YES;
				CLANG_WARN__DUPLICATE_METHOD_MATCH = YES;
				COPY_PHASE_STRIP = NO;
				DEBUG_INFORMATION_FORMAT = dwarf;
				ENABLE_STRICT_OBJC_MSGSEND = YES;
				ENABLE_TESTABILITY = YES;
				GCC_C_LANGUAGE_STANDARD = gnu11;
				GCC_DYNAMIC_NO_PIC = NO;
				GCC_NO_COMMON_BLOCKS = YES;
				GCC_OPTIMIZATION_LEVEL = 0;
				GCC_PREPROCESSOR_DEFINITIONS = (
					"DEBUG=1",
					"$(inherited)",
				);
				GCC_WARN_64_TO_32_BIT_CONVERSION = YES;
				GCC_WARN_ABOUT_RETURN_TYPE = YES_ERROR;
				GCC_WARN_UNDECLARED_SELECTOR = YES;
				GCC_WARN_UNINITIALIZED_AUTOS = YES_AGGRESSIVE;
				GCC_WARN_UNUSED_FUNCTION = YES;
				GCC_WARN_UNUSED_VARIABLE = YES;
				IPHONEOS_DEPLOYMENT_TARGET = 14.5;
				MTL_ENABLE_DEBUG_INFO = INCLUDE_SOURCE;
				MTL_FAST_MATH = YES;
				ONLY_ACTIVE_ARCH = YES;
				SDKROOT = iphoneos;
				SWIFT_ACTIVE_COMPILATION_CONDITIONS = DEBUG;
				SWIFT_OPTIMIZATION_LEVEL = "-Onone";
			};
			name = Debug;
		};
		AA9285C52667E67500164579 /* Release */ = {
			isa = XCBuildConfiguration;
			buildSettings = {
				ALWAYS_SEARCH_USER_PATHS = NO;
				CLANG_ANALYZER_NONNULL = YES;
				CLANG_ANALYZER_NUMBER_OBJECT_CONVERSION = YES_AGGRESSIVE;
				CLANG_CXX_LANGUAGE_STANDARD = "gnu++14";
				CLANG_CXX_LIBRARY = "libc++";
				CLANG_ENABLE_MODULES = YES;
				CLANG_ENABLE_OBJC_ARC = YES;
				CLANG_ENABLE_OBJC_WEAK = YES;
				CLANG_WARN_BLOCK_CAPTURE_AUTORELEASING = YES;
				CLANG_WARN_BOOL_CONVERSION = YES;
				CLANG_WARN_COMMA = YES;
				CLANG_WARN_CONSTANT_CONVERSION = YES;
				CLANG_WARN_DEPRECATED_OBJC_IMPLEMENTATIONS = YES;
				CLANG_WARN_DIRECT_OBJC_ISA_USAGE = YES_ERROR;
				CLANG_WARN_DOCUMENTATION_COMMENTS = YES;
				CLANG_WARN_EMPTY_BODY = YES;
				CLANG_WARN_ENUM_CONVERSION = YES;
				CLANG_WARN_INFINITE_RECURSION = YES;
				CLANG_WARN_INT_CONVERSION = YES;
				CLANG_WARN_NON_LITERAL_NULL_CONVERSION = YES;
				CLANG_WARN_OBJC_IMPLICIT_RETAIN_SELF = YES;
				CLANG_WARN_OBJC_LITERAL_CONVERSION = YES;
				CLANG_WARN_OBJC_ROOT_CLASS = YES_ERROR;
				CLANG_WARN_QUOTED_INCLUDE_IN_FRAMEWORK_HEADER = YES;
				CLANG_WARN_RANGE_LOOP_ANALYSIS = YES;
				CLANG_WARN_STRICT_PROTOTYPES = YES;
				CLANG_WARN_SUSPICIOUS_MOVE = YES;
				CLANG_WARN_UNGUARDED_AVAILABILITY = YES_AGGRESSIVE;
				CLANG_WARN_UNREACHABLE_CODE = YES;
				CLANG_WARN__DUPLICATE_METHOD_MATCH = YES;
				COPY_PHASE_STRIP = NO;
				DEBUG_INFORMATION_FORMAT = "dwarf-with-dsym";
				ENABLE_NS_ASSERTIONS = NO;
				ENABLE_STRICT_OBJC_MSGSEND = YES;
				GCC_C_LANGUAGE_STANDARD = gnu11;
				GCC_NO_COMMON_BLOCKS = YES;
				GCC_WARN_64_TO_32_BIT_CONVERSION = YES;
				GCC_WARN_ABOUT_RETURN_TYPE = YES_ERROR;
				GCC_WARN_UNDECLARED_SELECTOR = YES;
				GCC_WARN_UNINITIALIZED_AUTOS = YES_AGGRESSIVE;
				GCC_WARN_UNUSED_FUNCTION = YES;
				GCC_WARN_UNUSED_VARIABLE = YES;
				IPHONEOS_DEPLOYMENT_TARGET = 14.5;
				MTL_ENABLE_DEBUG_INFO = NO;
				MTL_FAST_MATH = YES;
				SDKROOT = iphoneos;
				SWIFT_COMPILATION_MODE = wholemodule;
				SWIFT_OPTIMIZATION_LEVEL = "-O";
				VALIDATE_PRODUCT = YES;
			};
			name = Release;
		};
		AA9285C72667E67500164579 /* Debug */ = {
			isa = XCBuildConfiguration;
			buildSettings = {
				ASSETCATALOG_COMPILER_APPICON_NAME = AppIcon;
				ASSETCATALOG_COMPILER_GLOBAL_ACCENT_COLOR_NAME = AccentColor;
				CODE_SIGN_STYLE = Automatic;
				DEVELOPMENT_ASSET_PATHS = "\"Take2/Preview Content\"";
				DEVELOPMENT_TEAM = BGTZ6TGNVV;
				ENABLE_PREVIEWS = YES;
				INFOPLIST_FILE = Take2/Info.plist;
				IPHONEOS_DEPLOYMENT_TARGET = 14.0;
				LD_RUNPATH_SEARCH_PATHS = (
					"$(inherited)",
					"@executable_path/Frameworks",
				);
				PRODUCT_BUNDLE_IDENTIFIER = MyId.Take2;
				PRODUCT_NAME = "$(TARGET_NAME)";
				SWIFT_VERSION = 5.0;
				TARGETED_DEVICE_FAMILY = "1,2";
			};
			name = Debug;
		};
		AA9285C82667E67500164579 /* Release */ = {
			isa = XCBuildConfiguration;
			buildSettings = {
				ASSETCATALOG_COMPILER_APPICON_NAME = AppIcon;
				ASSETCATALOG_COMPILER_GLOBAL_ACCENT_COLOR_NAME = AccentColor;
				CODE_SIGN_STYLE = Automatic;
				DEVELOPMENT_ASSET_PATHS = "\"Take2/Preview Content\"";
				DEVELOPMENT_TEAM = BGTZ6TGNVV;
				ENABLE_PREVIEWS = YES;
				INFOPLIST_FILE = Take2/Info.plist;
				IPHONEOS_DEPLOYMENT_TARGET = 14.0;
				LD_RUNPATH_SEARCH_PATHS = (
					"$(inherited)",
					"@executable_path/Frameworks",
				);
				PRODUCT_BUNDLE_IDENTIFIER = MyId.Take2;
				PRODUCT_NAME = "$(TARGET_NAME)";
				SWIFT_VERSION = 5.0;
				TARGETED_DEVICE_FAMILY = "1,2";
			};
			name = Release;
		};
/* End XCBuildConfiguration section */

/* Begin XCConfigurationList section */
		AA9285B22667E67200164579 /* Build configuration list for PBXProject "Take2" */ = {
			isa = XCConfigurationList;
			buildConfigurations = (
				AA9285C42667E67500164579 /* Debug */,
				AA9285C52667E67500164579 /* Release */,
			);
			defaultConfigurationIsVisible = 0;
			defaultConfigurationName = Release;
		};
		AA9285C62667E67500164579 /* Build configuration list for PBXNativeTarget "Take2" */ = {
			isa = XCConfigurationList;
			buildConfigurations = (
				AA9285C72667E67500164579 /* Debug */,
				AA9285C82667E67500164579 /* Release */,
			);
			defaultConfigurationIsVisible = 0;
			defaultConfigurationName = Release;
		};
/* End XCConfigurationList section */

/* Begin XCRemoteSwiftPackageReference section */
		AAF44C8D26D7F78400E0B0AE /* XCRemoteSwiftPackageReference "firebase-ios-sdk" */ = {
			isa = XCRemoteSwiftPackageReference;
			repositoryURL = "https://github.com/firebase/firebase-ios-sdk.git";
			requirement = {
				kind = upToNextMajorVersion;
				minimumVersion = 7.4.0;
			};
		};
/* End XCRemoteSwiftPackageReference section */

/* Begin XCSwiftPackageProductDependency section */
		AAF44C8E26D7F78400E0B0AE /* FirebaseFirestore */ = {
			isa = XCSwiftPackageProductDependency;
			package = AAF44C8D26D7F78400E0B0AE /* XCRemoteSwiftPackageReference "firebase-ios-sdk" */;
			productName = FirebaseFirestore;
		};
		AAF44C9026D7F78400E0B0AE /* FirebaseFirestoreSwift-Beta */ = {
			isa = XCSwiftPackageProductDependency;
			package = AAF44C8D26D7F78400E0B0AE /* XCRemoteSwiftPackageReference "firebase-ios-sdk" */;
			productName = "FirebaseFirestoreSwift-Beta";
		};
/* End XCSwiftPackageProductDependency section */
	};
	rootObject = AA9285AF2667E67200164579 /* Project object */;
}
